
Microsoft Visual Studio Solution File, Format Version 12.00
# Visual Studio Version 17
VisualStudioVersion = 17.0.31903.59
MinimumVisualStudioVersion = 10.0.40219.1
Project("{2150E333-8FDC-42A3-9474-1A3956D46DE8}") = "src", "src", "{C03D9227-FF8C-451B-B701-E86170ECEF53}"
EndProject
Project("{9A19103F-16F7-4668-BE54-9A1E7A4F7556}") = "ZaminAggregateGenerator", "src\ZaminAggregateGenerator\ZaminAggregateGenerator.csproj", "{1FA46E7E-DABB-4839-89A2-70DA848BEDA5}"
EndProject
Project("{2150E333-8FDC-42A3-9474-1A3956D46DE8}") = "sample", "sample", "{E3387B44-3A19-4327-9A1E-267F44FEAD6E}"
EndProject
Project("{9A19103F-16F7-4668-BE54-9A1E7A4F7556}") = "UI", "sample\UI\UI.csproj", "{FC6A1D00-618F-4B3D-99CB-583314F63D9D}"
EndProject
Global
	GlobalSection(SolutionConfigurationPlatforms) = preSolution
		Debug|Any CPU = Debug|Any CPU
		Release|Any CPU = Release|Any CPU
	EndGlobalSection
	GlobalSection(ProjectConfigurationPlatforms) = postSolution
		{1FA46E7E-DABB-4839-89A2-70DA848BEDA5}.Debug|Any CPU.ActiveCfg = Debug|Any CPU
		{1FA46E7E-DABB-4839-89A2-70DA848BEDA5}.Debug|Any CPU.Build.0 = Debug|Any CPU
		{1FA46E7E-DABB-4839-89A2-70DA848BEDA5}.Release|Any CPU.ActiveCfg = Release|Any CPU
		{1FA46E7E-DABB-4839-89A2-70DA848BEDA5}.Release|Any CPU.Build.0 = Release|Any CPU
		{FC6A1D00-618F-4B3D-99CB-583314F63D9D}.Debug|Any CPU.ActiveCfg = Debug|Any CPU
		{FC6A1D00-618F-4B3D-99CB-583314F63D9D}.Debug|Any CPU.Build.0 = Debug|Any CPU
		{FC6A1D00-618F-4B3D-99CB-583314F63D9D}.Release|Any CPU.ActiveCfg = Release|Any CPU
		{FC6A1D00-618F-4B3D-99CB-583314F63D9D}.Release|Any CPU.Build.0 = Release|Any CPU
	EndGlobalSection
	GlobalSection(SolutionProperties) = preSolution
		HideSolutionNode = FALSE
	EndGlobalSection
	GlobalSection(NestedProjects) = preSolution
		{1FA46E7E-DABB-4839-89A2-70DA848BEDA5} = {C03D9227-FF8C-451B-B701-E86170ECEF53}
		{FC6A1D00-618F-4B3D-99CB-583314F63D9D} = {E3387B44-3A19-4327-9A1E-267F44FEAD6E}
	EndGlobalSection
	GlobalSection(ExtensibilityGlobals) = postSolution
		SolutionGuid = {BB5A7030-A8BA-4EBA-ACAA-CBF1BD75E231}
	EndGlobalSection
EndGlobal
